
Microsoft Visual Studio Solution File, Format Version 12.00
# Visual Studio Version 17
VisualStudioVersion = 17.13.35931.197 d17.13
MinimumVisualStudioVersion = 10.0.40219.1
Project("{FAE04EC0-301F-11D3-BF4B-00C04F79EFBC}") = "Portfolio", "Portfolio.csproj", "{9273FF19-5A0C-40FF-A155-005BCD5CCC06}"
EndProject
Global
	GlobalSection(SolutionConfigurationPlatforms) = preSolution
		Debug|Any CPU = Debug|Any CPU
		Release|Any CPU = Release|Any CPU
	EndGlobalSection
	GlobalSection(ProjectConfigurationPlatforms) = postSolution
		{9273FF19-5A0C-40FF-A155-005BCD5CCC06}.Debug|Any CPU.ActiveCfg = Debug|Any CPU
		{9273FF19-5A0C-40FF-A155-005BCD5CCC06}.Debug|Any CPU.Build.0 = Debug|Any CPU
		{9273FF19-5A0C-40FF-A155-005BCD5CCC06}.Release|Any CPU.ActiveCfg = Release|Any CPU
		{9273FF19-5A0C-40FF-A155-005BCD5CCC06}.Release|Any CPU.Build.0 = Release|Any CPU
	EndGlobalSection
	GlobalSection(SolutionProperties) = preSolution
		HideSolutionNode = FALSE
	EndGlobalSection
	GlobalSection(ExtensibilityGlobals) = postSolution
		SolutionGuid = {2C1D94AB-7B2B-4E01-96E5-CEB46AE8F039}
	EndGlobalSection
EndGlobal
